# This file is autogenerated, do not edit; changes may be undone by the next 'dep ensure'.


[[projects]]
  name = "github.com/Jeffail/gabs"
  packages = ["."]
  revision = "7be49c3f43696c7ca8c9a76d6836703d83aea404"
  version = "v1.1.1"

[[projects]]
  name = "github.com/jimlawless/cfg"
  packages = ["."]
  revision = "136e0c264d31ea50a0c400640a2a2dac5b63d25c"

[[projects]]
  branch = "master"
  name = "github.com/mercadolibre/go-meli-toolkit"
  packages = [
    "datadog-go/statsd",
    "godog",
    "golimiter",
    "golimiter/node",
    "restful/rest",
    "restful/rest/retry"
  ]
  revision = "20e33ce95e0699f28d4c37f0ec49dfb43816ca23"

[[projects]]
  name = "github.com/streamrail/concurrent-map"
  packages = ["."]
  revision = "8bf1e9bacbf65b10c81d0f4314cf2b1ebef728b5"

[solve-meta]
  analyzer-name = "dep"
  analyzer-version = 1
  inputs-digest = "4b320fbddb8b51e86e5833db44f55f6904a2d433a3d17620620f306376dbccae"
  solver-name = "gps-cdcl"
  solver-version = 1
